
Microsoft Visual Studio Solution File, Format Version 12.00
# Visual Studio Version 17
VisualStudioVersion = 17.4.33213.308
MinimumVisualStudioVersion = 10.0.40219.1
Project("{FAE04EC0-301F-11D3-BF4B-00C04F79EFBC}") = "ArrowFactories", "ArrowFactories\ArrowFactories.csproj", "{8FA410D2-2EBA-48D4-BCC7-395AF95B362D}"
EndProject
Global
	GlobalSection(SolutionConfigurationPlatforms) = preSolution
		Debug|Any CPU = Debug|Any CPU
		Release|Any CPU = Release|Any CPU
	EndGlobalSection
	GlobalSection(ProjectConfigurationPlatforms) = postSolution
		{8FA410D2-2EBA-48D4-BCC7-395AF95B362D}.Debug|Any CPU.ActiveCfg = Debug|Any CPU
		{8FA410D2-2EBA-48D4-BCC7-395AF95B362D}.Debug|Any CPU.Build.0 = Debug|Any CPU
		{8FA410D2-2EBA-48D4-BCC7-395AF95B362D}.Release|Any CPU.ActiveCfg = Release|Any CPU
		{8FA410D2-2EBA-48D4-BCC7-395AF95B362D}.Release|Any CPU.Build.0 = Release|Any CPU
	EndGlobalSection
	GlobalSection(SolutionProperties) = preSolution
		HideSolutionNode = FALSE
	EndGlobalSection
	GlobalSection(ExtensibilityGlobals) = postSolution
		SolutionGuid = {262DDAF3-DD13-46C7-B11E-114BBBEE1DA3}
	EndGlobalSection
EndGlobal
